// !$*UTF8*$!
{
	archiveVersion = 1;
	classes = {
	};
	objectVersion = 46;
	objects = {

/* Begin PBXBuildFile section */
		4EB4310F976CF39C8C4E25E4 /* libPods-TriCore.a in Frameworks */ = {isa = PBXBuildFile; fileRef = 15A2A4D7DED6A0018385F202 /* libPods-TriCore.a */; };
		B61F72A91B76BF8500A34736 /* AppDelegate.swift in Sources */ = {isa = PBXBuildFile; fileRef = B61F72A81B76BF8500A34736 /* AppDelegate.swift */; };
		B61F72AE1B76BF8500A34736 /* Main.storyboard in Resources */ = {isa = PBXBuildFile; fileRef = B61F72AC1B76BF8500A34736 /* Main.storyboard */; };
		B61F72B01B76BF8500A34736 /* Assets.xcassets in Resources */ = {isa = PBXBuildFile; fileRef = B61F72AF1B76BF8500A34736 /* Assets.xcassets */; };
		B61F72B31B76BF8500A34736 /* LaunchScreen.storyboard in Resources */ = {isa = PBXBuildFile; fileRef = B61F72B11B76BF8500A34736 /* LaunchScreen.storyboard */; };
		B61F72BE1B76BF8500A34736 /* TriCoreTests.swift in Sources */ = {isa = PBXBuildFile; fileRef = B61F72BD1B76BF8500A34736 /* TriCoreTests.swift */; };
		B61F72C91B76BF8600A34736 /* TriCoreUITests.swift in Sources */ = {isa = PBXBuildFile; fileRef = B61F72C81B76BF8600A34736 /* TriCoreUITests.swift */; };
		B61F72D71B76C65C00A34736 /* LoginViewController.swift in Sources */ = {isa = PBXBuildFile; fileRef = B61F72D61B76C65C00A34736 /* LoginViewController.swift */; };
		B61F72DB1B76F48A00A34736 /* LoginVerification.swift in Sources */ = {isa = PBXBuildFile; fileRef = B61F72DA1B76F48A00A34736 /* LoginVerification.swift */; };
		B6234D1C1B816713007AD90B /* Constants.swift in Sources */ = {isa = PBXBuildFile; fileRef = B6234D1B1B816713007AD90B /* Constants.swift */; };
		B64E28B91B79994E0052B3C1 /* TimesheetsViewController.swift in Sources */ = {isa = PBXBuildFile; fileRef = B64E28B81B79994E0052B3C1 /* TimesheetsViewController.swift */; };
		B64E28BB1B7999660052B3C1 /* ProfileViewController.swift in Sources */ = {isa = PBXBuildFile; fileRef = B64E28BA1B7999660052B3C1 /* ProfileViewController.swift */; };
		B64E28BD1B79AE8A0052B3C1 /* TabBarViewController.swift in Sources */ = {isa = PBXBuildFile; fileRef = B64E28BC1B79AE8A0052B3C1 /* TabBarViewController.swift */; };
		B6A0EE831B7B0D4C00FE787F /* ProjectTableViewCell.swift in Sources */ = {isa = PBXBuildFile; fileRef = B6A0EE821B7B0D4C00FE787F /* ProjectTableViewCell.swift */; };
		B6A0EE851B7B2E2100FE787F /* GetProjectList.swift in Sources */ = {isa = PBXBuildFile; fileRef = B6A0EE841B7B2E2100FE787F /* GetProjectList.swift */; };
		B6CD22991B843EBA002B0102 /* TimesheetPublisher.swift in Sources */ = {isa = PBXBuildFile; fileRef = B6CD22981B843EBA002B0102 /* TimesheetPublisher.swift */; };
		B6FE67F01B846A9F002E647B /* PublishedOverlay.swift in Sources */ = {isa = PBXBuildFile; fileRef = B6FE67EF1B846A9F002E647B /* PublishedOverlay.swift */; };
/* End PBXBuildFile section */

/* Begin PBXContainerItemProxy section */
		B61F72BA1B76BF8500A34736 /* PBXContainerItemProxy */ = {
			isa = PBXContainerItemProxy;
			containerPortal = B61F729D1B76BF8500A34736 /* Project object */;
			proxyType = 1;
			remoteGlobalIDString = B61F72A41B76BF8500A34736;
			remoteInfo = TriCore;
		};
		B61F72C51B76BF8600A34736 /* PBXContainerItemProxy */ = {
			isa = PBXContainerItemProxy;
			containerPortal = B61F729D1B76BF8500A34736 /* Project object */;
			proxyType = 1;
			remoteGlobalIDString = B61F72A41B76BF8500A34736;
			remoteInfo = TriCore;
		};
/* End PBXContainerItemProxy section */

/* Begin PBXFileReference section */
		15A2A4D7DED6A0018385F202 /* libPods-TriCore.a */ = {isa = PBXFileReference; explicitFileType = archive.ar; includeInIndex = 0; path = "libPods-TriCore.a"; sourceTree = BUILT_PRODUCTS_DIR; };
		B61F72A51B76BF8500A34736 /* TriCore.app */ = {isa = PBXFileReference; explicitFileType = wrapper.application; includeInIndex = 0; path = TriCore.app; sourceTree = BUILT_PRODUCTS_DIR; };
		B61F72A81B76BF8500A34736 /* AppDelegate.swift */ = {isa = PBXFileReference; lastKnownFileType = sourcecode.swift; path = AppDelegate.swift; sourceTree = "<group>"; };
		B61F72AD1B76BF8500A34736 /* Base */ = {isa = PBXFileReference; lastKnownFileType = file.storyboard; name = Base; path = Base.lproj/Main.storyboard; sourceTree = "<group>"; };
		B61F72AF1B76BF8500A34736 /* Assets.xcassets */ = {isa = PBXFileReference; lastKnownFileType = folder.assetcatalog; path = Assets.xcassets; sourceTree = "<group>"; };
		B61F72B21B76BF8500A34736 /* Base */ = {isa = PBXFileReference; lastKnownFileType = file.storyboard; name = Base; path = Base.lproj/LaunchScreen.storyboard; sourceTree = "<group>"; };
		B61F72B41B76BF8500A34736 /* Info.plist */ = {isa = PBXFileReference; lastKnownFileType = text.plist.xml; path = Info.plist; sourceTree = "<group>"; };
		B61F72B91B76BF8500A34736 /* TriCoreTests.xctest */ = {isa = PBXFileReference; explicitFileType = wrapper.cfbundle; includeInIndex = 0; path = TriCoreTests.xctest; sourceTree = BUILT_PRODUCTS_DIR; };
		B61F72BD1B76BF8500A34736 /* TriCoreTests.swift */ = {isa = PBXFileReference; lastKnownFileType = sourcecode.swift; path = TriCoreTests.swift; sourceTree = "<group>"; };
		B61F72BF1B76BF8500A34736 /* Info.plist */ = {isa = PBXFileReference; lastKnownFileType = text.plist.xml; path = Info.plist; sourceTree = "<group>"; };
		B61F72C41B76BF8600A34736 /* TriCoreUITests.xctest */ = {isa = PBXFileReference; explicitFileType = wrapper.cfbundle; includeInIndex = 0; path = TriCoreUITests.xctest; sourceTree = BUILT_PRODUCTS_DIR; };
		B61F72C81B76BF8600A34736 /* TriCoreUITests.swift */ = {isa = PBXFileReference; lastKnownFileType = sourcecode.swift; path = TriCoreUITests.swift; sourceTree = "<group>"; };
		B61F72CA1B76BF8600A34736 /* Info.plist */ = {isa = PBXFileReference; lastKnownFileType = text.plist.xml; path = Info.plist; sourceTree = "<group>"; };
		B61F72D61B76C65C00A34736 /* LoginViewController.swift */ = {isa = PBXFileReference; fileEncoding = 4; lastKnownFileType = sourcecode.swift; name = LoginViewController.swift; path = "View Controllers/LoginViewController.swift"; sourceTree = "<group>"; };
		B61F72DA1B76F48A00A34736 /* LoginVerification.swift */ = {isa = PBXFileReference; fileEncoding = 4; lastKnownFileType = sourcecode.swift; name = LoginVerification.swift; path = Model/LoginVerification.swift; sourceTree = "<group>"; };
		B6234D171B814C19007AD90B /* TriCore-Bridging-Header.h */ = {isa = PBXFileReference; lastKnownFileType = sourcecode.c.h; path = "TriCore-Bridging-Header.h"; sourceTree = "<group>"; };
		B6234D1B1B816713007AD90B /* Constants.swift */ = {isa = PBXFileReference; fileEncoding = 4; lastKnownFileType = sourcecode.swift; name = Constants.swift; path = Model/Constants.swift; sourceTree = "<group>"; };
		B64E28B81B79994E0052B3C1 /* TimesheetsViewController.swift */ = {isa = PBXFileReference; fileEncoding = 4; lastKnownFileType = sourcecode.swift; name = TimesheetsViewController.swift; path = "View Controllers/TimesheetsViewController.swift"; sourceTree = "<group>"; };
		B64E28BA1B7999660052B3C1 /* ProfileViewController.swift */ = {isa = PBXFileReference; fileEncoding = 4; lastKnownFileType = sourcecode.swift; name = ProfileViewController.swift; path = "View Controllers/ProfileViewController.swift"; sourceTree = "<group>"; };
		B64E28BC1B79AE8A0052B3C1 /* TabBarViewController.swift */ = {isa = PBXFileReference; fileEncoding = 4; lastKnownFileType = sourcecode.swift; name = TabBarViewController.swift; path = "View Controllers/TabBarViewController.swift"; sourceTree = "<group>"; };
		B6A0EE821B7B0D4C00FE787F /* ProjectTableViewCell.swift */ = {isa = PBXFileReference; fileEncoding = 4; lastKnownFileType = sourcecode.swift; name = ProjectTableViewCell.swift; path = Views/ProjectTableViewCell.swift; sourceTree = "<group>"; };
		B6A0EE841B7B2E2100FE787F /* GetProjectList.swift */ = {isa = PBXFileReference; fileEncoding = 4; lastKnownFileType = sourcecode.swift; name = GetProjectList.swift; path = Model/GetProjectList.swift; sourceTree = "<group>"; };
		B6CD22981B843EBA002B0102 /* TimesheetPublisher.swift */ = {isa = PBXFileReference; fileEncoding = 4; lastKnownFileType = sourcecode.swift; name = TimesheetPublisher.swift; path = Model/TimesheetPublisher.swift; sourceTree = "<group>"; };
		B6FE67EF1B846A9F002E647B /* PublishedOverlay.swift */ = {isa = PBXFileReference; fileEncoding = 4; lastKnownFileType = sourcecode.swift; name = PublishedOverlay.swift; path = Views/PublishedOverlay.swift; sourceTree = "<group>"; };
		E6BD49AD79CDD84A6A3145E9 /* Pods-TriCore.release.xcconfig */ = {isa = PBXFileReference; includeInIndex = 1; lastKnownFileType = text.xcconfig; name = "Pods-TriCore.release.xcconfig"; path = "Pods/Target Support Files/Pods-TriCore/Pods-TriCore.release.xcconfig"; sourceTree = "<group>"; };
		F807D3D5B948EC5712AA0391 /* Pods-TriCore.debug.xcconfig */ = {isa = PBXFileReference; includeInIndex = 1; lastKnownFileType = text.xcconfig; name = "Pods-TriCore.debug.xcconfig"; path = "Pods/Target Support Files/Pods-TriCore/Pods-TriCore.debug.xcconfig"; sourceTree = "<group>"; };
/* End PBXFileReference section */

/* Begin PBXFrameworksBuildPhase section */
		B61F72A21B76BF8500A34736 /* Frameworks */ = {
			isa = PBXFrameworksBuildPhase;
			buildActionMask = 2147483647;
			files = (
				4EB4310F976CF39C8C4E25E4 /* libPods-TriCore.a in Frameworks */,
			);
			runOnlyForDeploymentPostprocessing = 0;
		};
		B61F72B61B76BF8500A34736 /* Frameworks */ = {
			isa = PBXFrameworksBuildPhase;
			buildActionMask = 2147483647;
			files = (
			);
			runOnlyForDeploymentPostprocessing = 0;
		};
		B61F72C11B76BF8600A34736 /* Frameworks */ = {
			isa = PBXFrameworksBuildPhase;
			buildActionMask = 2147483647;
			files = (
			);
			runOnlyForDeploymentPostprocessing = 0;
		};
/* End PBXFrameworksBuildPhase section */

/* Begin PBXGroup section */
		5F2AB20A2C30AF6C9C12C14F /* Frameworks */ = {
			isa = PBXGroup;
			children = (
				15A2A4D7DED6A0018385F202 /* libPods-TriCore.a */,
			);
			name = Frameworks;
			sourceTree = "<group>";
		};
		B61F729C1B76BF8500A34736 = {
			isa = PBXGroup;
			children = (
				B61F72A71B76BF8500A34736 /* TriCore */,
				B61F72BC1B76BF8500A34736 /* TriCoreTests */,
				B61F72C71B76BF8600A34736 /* TriCoreUITests */,
				B61F72A61B76BF8500A34736 /* Products */,
				F5A67AAF49A6180D2E9F3D44 /* Pods */,
				5F2AB20A2C30AF6C9C12C14F /* Frameworks */,
			);
			sourceTree = "<group>";
		};
		B61F72A61B76BF8500A34736 /* Products */ = {
			isa = PBXGroup;
			children = (
				B61F72A51B76BF8500A34736 /* TriCore.app */,
				B61F72B91B76BF8500A34736 /* TriCoreTests.xctest */,
				B61F72C41B76BF8600A34736 /* TriCoreUITests.xctest */,
			);
			name = Products;
			sourceTree = "<group>";
		};
		B61F72A71B76BF8500A34736 /* TriCore */ = {
			isa = PBXGroup;
			children = (
				B61F72A81B76BF8500A34736 /* AppDelegate.swift */,
				B6234D171B814C19007AD90B /* TriCore-Bridging-Header.h */,
				B61F72AC1B76BF8500A34736 /* Main.storyboard */,
				B61F72AF1B76BF8500A34736 /* Assets.xcassets */,
				B6A0EE811B7B0D0200FE787F /* Views */,
				B61F72D91B76E21100A34736 /* Model */,
				B61F72D81B76C66A00A34736 /* View Controllers */,
				B61F72B11B76BF8500A34736 /* LaunchScreen.storyboard */,
				B61F72B41B76BF8500A34736 /* Info.plist */,
			);
			path = TriCore;
			sourceTree = "<group>";
		};
		B61F72BC1B76BF8500A34736 /* TriCoreTests */ = {
			isa = PBXGroup;
			children = (
				B61F72BD1B76BF8500A34736 /* TriCoreTests.swift */,
				B61F72BF1B76BF8500A34736 /* Info.plist */,
			);
			path = TriCoreTests;
			sourceTree = "<group>";
		};
		B61F72C71B76BF8600A34736 /* TriCoreUITests */ = {
			isa = PBXGroup;
			children = (
				B61F72C81B76BF8600A34736 /* TriCoreUITests.swift */,
				B61F72CA1B76BF8600A34736 /* Info.plist */,
			);
			path = TriCoreUITests;
			sourceTree = "<group>";
		};
		B61F72D81B76C66A00A34736 /* View Controllers */ = {
			isa = PBXGroup;
			children = (
				B64E28BC1B79AE8A0052B3C1 /* TabBarViewController.swift */,
				B61F72D61B76C65C00A34736 /* LoginViewController.swift */,
				B64E28B81B79994E0052B3C1 /* TimesheetsViewController.swift */,
				B64E28BA1B7999660052B3C1 /* ProfileViewController.swift */,
			);
			name = "View Controllers";
			sourceTree = "<group>";
		};
		B61F72D91B76E21100A34736 /* Model */ = {
			isa = PBXGroup;
			children = (
				B6234D1B1B816713007AD90B /* Constants.swift */,
				B6A0EE841B7B2E2100FE787F /* GetProjectList.swift */,
				B61F72DA1B76F48A00A34736 /* LoginVerification.swift */,
				B6CD22981B843EBA002B0102 /* TimesheetPublisher.swift */,
			);
			name = Model;
			sourceTree = "<group>";
		};
		B6A0EE811B7B0D0200FE787F /* Views */ = {
			isa = PBXGroup;
			children = (
				B6A0EE821B7B0D4C00FE787F /* ProjectTableViewCell.swift */,
				B6FE67EF1B846A9F002E647B /* PublishedOverlay.swift */,
			);
			name = Views;
			sourceTree = "<group>";
		};
		F5A67AAF49A6180D2E9F3D44 /* Pods */ = {
			isa = PBXGroup;
			children = (
				F807D3D5B948EC5712AA0391 /* Pods-TriCore.debug.xcconfig */,
				E6BD49AD79CDD84A6A3145E9 /* Pods-TriCore.release.xcconfig */,
			);
			name = Pods;
			sourceTree = "<group>";
		};
/* End PBXGroup section */

/* Begin PBXNativeTarget section */
		B61F72A41B76BF8500A34736 /* TriCore */ = {
			isa = PBXNativeTarget;
			buildConfigurationList = B61F72CD1B76BF8600A34736 /* Build configuration list for PBXNativeTarget "TriCore" */;
			buildPhases = (
				1EF96F5CA35CF409D5967E3E /* Check Pods Manifest.lock */,
				B61F72A11B76BF8500A34736 /* Sources */,
				B61F72A21B76BF8500A34736 /* Frameworks */,
				B61F72A31B76BF8500A34736 /* Resources */,
				1E773802FE682BBC6CAFA21E /* Copy Pods Resources */,
			);
			buildRules = (
			);
			dependencies = (
			);
			name = TriCore;
			productName = TriCore;
			productReference = B61F72A51B76BF8500A34736 /* TriCore.app */;
			productType = "com.apple.product-type.application";
		};
		B61F72B81B76BF8500A34736 /* TriCoreTests */ = {
			isa = PBXNativeTarget;
			buildConfigurationList = B61F72D01B76BF8600A34736 /* Build configuration list for PBXNativeTarget "TriCoreTests" */;
			buildPhases = (
				B61F72B51B76BF8500A34736 /* Sources */,
				B61F72B61B76BF8500A34736 /* Frameworks */,
				B61F72B71B76BF8500A34736 /* Resources */,
			);
			buildRules = (
			);
			dependencies = (
				B61F72BB1B76BF8500A34736 /* PBXTargetDependency */,
			);
			name = TriCoreTests;
			productName = TriCoreTests;
			productReference = B61F72B91B76BF8500A34736 /* TriCoreTests.xctest */;
			productType = "com.apple.product-type.bundle.unit-test";
		};
		B61F72C31B76BF8600A34736 /* TriCoreUITests */ = {
			isa = PBXNativeTarget;
			buildConfigurationList = B61F72D31B76BF8600A34736 /* Build configuration list for PBXNativeTarget "TriCoreUITests" */;
			buildPhases = (
				B61F72C01B76BF8600A34736 /* Sources */,
				B61F72C11B76BF8600A34736 /* Frameworks */,
				B61F72C21B76BF8600A34736 /* Resources */,
			);
			buildRules = (
			);
			dependencies = (
				B61F72C61B76BF8600A34736 /* PBXTargetDependency */,
			);
			name = TriCoreUITests;
			productName = TriCoreUITests;
			productReference = B61F72C41B76BF8600A34736 /* TriCoreUITests.xctest */;
			productType = "com.apple.product-type.bundle.ui-testing";
		};
/* End PBXNativeTarget section */

/* Begin PBXProject section */
		B61F729D1B76BF8500A34736 /* Project object */ = {
			isa = PBXProject;
			attributes = {
				LastSwiftUpdateCheck = 0700;
				LastUpgradeCheck = 0700;
				ORGANIZATIONNAME = "University Of Wisconsin Parkside";
				TargetAttributes = {
					B61F72A41B76BF8500A34736 = {
						CreatedOnToolsVersion = 7.0;
					};
					B61F72B81B76BF8500A34736 = {
						CreatedOnToolsVersion = 7.0;
						TestTargetID = B61F72A41B76BF8500A34736;
					};
					B61F72C31B76BF8600A34736 = {
						CreatedOnToolsVersion = 7.0;
						TestTargetID = B61F72A41B76BF8500A34736;
					};
				};
			};
			buildConfigurationList = B61F72A01B76BF8500A34736 /* Build configuration list for PBXProject "TriCore" */;
			compatibilityVersion = "Xcode 3.2";
			developmentRegion = English;
			hasScannedForEncodings = 0;
			knownRegions = (
				en,
				Base,
			);
			mainGroup = B61F729C1B76BF8500A34736;
			productRefGroup = B61F72A61B76BF8500A34736 /* Products */;
			projectDirPath = "";
			projectRoot = "";
			targets = (
				B61F72A41B76BF8500A34736 /* TriCore */,
				B61F72B81B76BF8500A34736 /* TriCoreTests */,
				B61F72C31B76BF8600A34736 /* TriCoreUITests */,
			);
		};
/* End PBXProject section */

/* Begin PBXResourcesBuildPhase section */
		B61F72A31B76BF8500A34736 /* Resources */ = {
			isa = PBXResourcesBuildPhase;
			buildActionMask = 2147483647;
			files = (
				B61F72B31B76BF8500A34736 /* LaunchScreen.storyboard in Resources */,
				B61F72B01B76BF8500A34736 /* Assets.xcassets in Resources */,
				B61F72AE1B76BF8500A34736 /* Main.storyboard in Resources */,
			);
			runOnlyForDeploymentPostprocessing = 0;
		};
		B61F72B71B76BF8500A34736 /* Resources */ = {
			isa = PBXResourcesBuildPhase;
			buildActionMask = 2147483647;
			files = (
			);
			runOnlyForDeploymentPostprocessing = 0;
		};
		B61F72C21B76BF8600A34736 /* Resources */ = {
			isa = PBXResourcesBuildPhase;
			buildActionMask = 2147483647;
			files = (
			);
			runOnlyForDeploymentPostprocessing = 0;
		};
/* End PBXResourcesBuildPhase section */

/* Begin PBXShellScriptBuildPhase section */
		1E773802FE682BBC6CAFA21E /* Copy Pods Resources */ = {
			isa = PBXShellScriptBuildPhase;
			buildActionMask = 2147483647;
			files = (
			);
			inputPaths = (
			);
			name = "Copy Pods Resources";
			outputPaths = (
			);
			runOnlyForDeploymentPostprocessing = 0;
			shellPath = /bin/sh;
			shellScript = "\"${SRCROOT}/Pods/Target Support Files/Pods-TriCore/Pods-TriCore-resources.sh\"\n";
			showEnvVarsInLog = 0;
		};
		1EF96F5CA35CF409D5967E3E /* Check Pods Manifest.lock */ = {
			isa = PBXShellScriptBuildPhase;
			buildActionMask = 2147483647;
			files = (
			);
			inputPaths = (
			);
			name = "Check Pods Manifest.lock";
			outputPaths = (
			);
			runOnlyForDeploymentPostprocessing = 0;
			shellPath = /bin/sh;
			shellScript = "diff \"${PODS_ROOT}/../Podfile.lock\" \"${PODS_ROOT}/Manifest.lock\" > /dev/null\nif [[ $? != 0 ]] ; then\n    cat << EOM\nerror: The sandbox is not in sync with the Podfile.lock. Run 'pod install' or update your CocoaPods installation.\nEOM\n    exit 1\nfi\n";
			showEnvVarsInLog = 0;
		};
/* End PBXShellScriptBuildPhase section */

/* Begin PBXSourcesBuildPhase section */
		B61F72A11B76BF8500A34736 /* Sources */ = {
			isa = PBXSourcesBuildPhase;
			buildActionMask = 2147483647;
			files = (
				B61F72DB1B76F48A00A34736 /* LoginVerification.swift in Sources */,
				B6A0EE831B7B0D4C00FE787F /* ProjectTableViewCell.swift in Sources */,
				B6A0EE851B7B2E2100FE787F /* GetProjectList.swift in Sources */,
				B6FE67F01B846A9F002E647B /* PublishedOverlay.swift in Sources */,
				B61F72D71B76C65C00A34736 /* LoginViewController.swift in Sources */,
				B64E28BB1B7999660052B3C1 /* ProfileViewController.swift in Sources */,
				B61F72A91B76BF8500A34736 /* AppDelegate.swift in Sources */,
				B64E28BD1B79AE8A0052B3C1 /* TabBarViewController.swift in Sources */,
				B6CD22991B843EBA002B0102 /* TimesheetPublisher.swift in Sources */,
				B64E28B91B79994E0052B3C1 /* TimesheetsViewController.swift in Sources */,
				B6234D1C1B816713007AD90B /* Constants.swift in Sources */,
			);
			runOnlyForDeploymentPostprocessing = 0;
		};
		B61F72B51B76BF8500A34736 /* Sources */ = {
			isa = PBXSourcesBuildPhase;
			buildActionMask = 2147483647;
			files = (
				B61F72BE1B76BF8500A34736 /* TriCoreTests.swift in Sources */,
			);
			runOnlyForDeploymentPostprocessing = 0;
		};
		B61F72C01B76BF8600A34736 /* Sources */ = {
			isa = PBXSourcesBuildPhase;
			buildActionMask = 2147483647;
			files = (
				B61F72C91B76BF8600A34736 /* TriCoreUITests.swift in Sources */,
			);
			runOnlyForDeploymentPostprocessing = 0;
		};
/* End PBXSourcesBuildPhase section */

/* Begin PBXTargetDependency section */
		B61F72BB1B76BF8500A34736 /* PBXTargetDependency */ = {
			isa = PBXTargetDependency;
			target = B61F72A41B76BF8500A34736 /* TriCore */;
			targetProxy = B61F72BA1B76BF8500A34736 /* PBXContainerItemProxy */;
		};
		B61F72C61B76BF8600A34736 /* PBXTargetDependency */ = {
			isa = PBXTargetDependency;
			target = B61F72A41B76BF8500A34736 /* TriCore */;
			targetProxy = B61F72C51B76BF8600A34736 /* PBXContainerItemProxy */;
		};
/* End PBXTargetDependency section */

/* Begin PBXVariantGroup section */
		B61F72AC1B76BF8500A34736 /* Main.storyboard */ = {
			isa = PBXVariantGroup;
			children = (
				B61F72AD1B76BF8500A34736 /* Base */,
			);
			name = Main.storyboard;
			sourceTree = "<group>";
		};
		B61F72B11B76BF8500A34736 /* LaunchScreen.storyboard */ = {
			isa = PBXVariantGroup;
			children = (
				B61F72B21B76BF8500A34736 /* Base */,
			);
			name = LaunchScreen.storyboard;
			sourceTree = "<group>";
		};
/* End PBXVariantGroup section */

/* Begin XCBuildConfiguration section */
		B61F72CB1B76BF8600A34736 /* Debug */ = {
			isa = XCBuildConfiguration;
			buildSettings = {
				ALWAYS_SEARCH_USER_PATHS = NO;
				CLANG_CXX_LANGUAGE_STANDARD = "gnu++0x";
				CLANG_CXX_LIBRARY = "libc++";
				CLANG_ENABLE_MODULES = YES;
				CLANG_ENABLE_OBJC_ARC = YES;
				CLANG_WARN_BOOL_CONVERSION = YES;
				CLANG_WARN_CONSTANT_CONVERSION = YES;
				CLANG_WARN_DIRECT_OBJC_ISA_USAGE = YES_ERROR;
				CLANG_WARN_EMPTY_BODY = YES;
				CLANG_WARN_ENUM_CONVERSION = YES;
				CLANG_WARN_INT_CONVERSION = YES;
				CLANG_WARN_OBJC_ROOT_CLASS = YES_ERROR;
				CLANG_WARN_UNREACHABLE_CODE = YES;
				CLANG_WARN__DUPLICATE_METHOD_MATCH = YES;
				"CODE_SIGN_IDENTITY[sdk=iphoneos*]" = "iPhone Developer";
				COPY_PHASE_STRIP = NO;
				DEBUG_INFORMATION_FORMAT = dwarf;
				ENABLE_STRICT_OBJC_MSGSEND = YES;
				ENABLE_TESTABILITY = YES;
				GCC_C_LANGUAGE_STANDARD = gnu99;
				GCC_DYNAMIC_NO_PIC = NO;
				GCC_NO_COMMON_BLOCKS = YES;
				GCC_OPTIMIZATION_LEVEL = 0;
				GCC_PREPROCESSOR_DEFINITIONS = (
					"DEBUG=1",
					"$(inherited)",
				);
				GCC_WARN_64_TO_32_BIT_CONVERSION = YES;
				GCC_WARN_ABOUT_RETURN_TYPE = YES_ERROR;
				GCC_WARN_UNDECLARED_SELECTOR = YES;
				GCC_WARN_UNINITIALIZED_AUTOS = YES_AGGRESSIVE;
				GCC_WARN_UNUSED_FUNCTION = YES;
				GCC_WARN_UNUSED_VARIABLE = YES;
				IPHONEOS_DEPLOYMENT_TARGET = 7.0;
				MTL_ENABLE_DEBUG_INFO = YES;
				ONLY_ACTIVE_ARCH = YES;
				SDKROOT = iphoneos;
				SWIFT_OPTIMIZATION_LEVEL = "-Onone";
			};
			name = Debug;
		};
		B61F72CC1B76BF8600A34736 /* Release */ = {
			isa = XCBuildConfiguration;
			buildSettings = {
				ALWAYS_SEARCH_USER_PATHS = NO;
				CLANG_CXX_LANGUAGE_STANDARD = "gnu++0x";
				CLANG_CXX_LIBRARY = "libc++";
				CLANG_ENABLE_MODULES = YES;
				CLANG_ENABLE_OBJC_ARC = YES;
				CLANG_WARN_BOOL_CONVERSION = YES;
				CLANG_WARN_CONSTANT_CONVERSION = YES;
				CLANG_WARN_DIRECT_OBJC_ISA_USAGE = YES_ERROR;
				CLANG_WARN_EMPTY_BODY = YES;
				CLANG_WARN_ENUM_CONVERSION = YES;
				CLANG_WARN_INT_CONVERSION = YES;
				CLANG_WARN_OBJC_ROOT_CLASS = YES_ERROR;
				CLANG_WARN_UNREACHABLE_CODE = YES;
				CLANG_WARN__DUPLICATE_METHOD_MATCH = YES;
				"CODE_SIGN_IDENTITY[sdk=iphoneos*]" = "iPhone Developer";
				COPY_PHASE_STRIP = NO;
				DEBUG_INFORMATION_FORMAT = "dwarf-with-dsym";
				ENABLE_NS_ASSERTIONS = NO;
				ENABLE_STRICT_OBJC_MSGSEND = YES;
				GCC_C_LANGUAGE_STANDARD = gnu99;
				GCC_NO_COMMON_BLOCKS = YES;
				GCC_WARN_64_TO_32_BIT_CONVERSION = YES;
				GCC_WARN_ABOUT_RETURN_TYPE = YES_ERROR;
				GCC_WARN_UNDECLARED_SELECTOR = YES;
				GCC_WARN_UNINITIALIZED_AUTOS = YES_AGGRESSIVE;
				GCC_WARN_UNUSED_FUNCTION = YES;
				GCC_WARN_UNUSED_VARIABLE = YES;
				IPHONEOS_DEPLOYMENT_TARGET = 7.0;
				MTL_ENABLE_DEBUG_INFO = NO;
				SDKROOT = iphoneos;
				VALIDATE_PRODUCT = YES;
			};
			name = Release;
		};
		B61F72CE1B76BF8600A34736 /* Debug */ = {
			isa = XCBuildConfiguration;
			baseConfigurationReference = F807D3D5B948EC5712AA0391 /* Pods-TriCore.debug.xcconfig */;
			buildSettings = {
				ASSETCATALOG_COMPILER_APPICON_NAME = AppIcon;
				CLANG_ENABLE_MODULES = YES;
				INFOPLIST_FILE = TriCore/Info.plist;
				LD_RUNPATH_SEARCH_PATHS = "$(inherited) @executable_path/Frameworks";
				PRODUCT_BUNDLE_IDENTIFIER = edu.uwp.TriCore;
				PRODUCT_NAME = "$(TARGET_NAME)";
				SWIFT_OBJC_BRIDGING_HEADER = "TriCore/TriCore-Bridging-Header.h";
				SWIFT_OPTIMIZATION_LEVEL = "-Onone";
			};
			name = Debug;
		};
		B61F72CF1B76BF8600A34736 /* Release */ = {
			isa = XCBuildConfiguration;
			baseConfigurationReference = E6BD49AD79CDD84A6A3145E9 /* Pods-TriCore.release.xcconfig */;
			buildSettings = {
				ASSETCATALOG_COMPILER_APPICON_NAME = AppIcon;
				CLANG_ENABLE_MODULES = YES;
				INFOPLIST_FILE = TriCore/Info.plist;
				LD_RUNPATH_SEARCH_PATHS = "$(inherited) @executable_path/Frameworks";
				PRODUCT_BUNDLE_IDENTIFIER = edu.uwp.TriCore;
				PRODUCT_NAME = "$(TARGET_NAME)";
				SWIFT_OBJC_BRIDGING_HEADER = "TriCore/TriCore-Bridging-Header.h";
			};
			name = Release;
		};
		B61F72D11B76BF8600A34736 /* Debug */ = {
			isa = XCBuildConfiguration;
			buildSettings = {
				BUNDLE_LOADER = "$(TEST_HOST)";
				INFOPLIST_FILE = TriCoreTests/Info.plist;
				LD_RUNPATH_SEARCH_PATHS = "$(inherited) @executable_path/Frameworks @loader_path/Frameworks";
				PRODUCT_BUNDLE_IDENTIFIER = edu.uwp.TriCoreTests;
				PRODUCT_NAME = "$(TARGET_NAME)";
				TEST_HOST = "$(BUILT_PRODUCTS_DIR)/TriCore.app/TriCore";
			};
			name = Debug;
		};
		B61F72D21B76BF8600A34736 /* Release */ = {
			isa = XCBuildConfiguration;
			buildSettings = {
				BUNDLE_LOADER = "$(TEST_HOST)";
				INFOPLIST_FILE = TriCoreTests/Info.plist;
				LD_RUNPATH_SEARCH_PATHS = "$(inherited) @executable_path/Frameworks @loader_path/Frameworks";
				PRODUCT_BUNDLE_IDENTIFIER = edu.uwp.TriCoreTests;
				PRODUCT_NAME = "$(TARGET_NAME)";
				TEST_HOST = "$(BUILT_PRODUCTS_DIR)/TriCore.app/TriCore";
			};
			name = Release;
		};
		B61F72D41B76BF8600A34736 /* Debug */ = {
			isa = XCBuildConfiguration;
			buildSettings = {
				INFOPLIST_FILE = TriCoreUITests/Info.plist;
				LD_RUNPATH_SEARCH_PATHS = "$(inherited) @executable_path/Frameworks @loader_path/Frameworks";
				PRODUCT_BUNDLE_IDENTIFIER = edu.uwp.TriCoreUITests;
				PRODUCT_NAME = "$(TARGET_NAME)";
				TEST_TARGET_NAME = TriCore;
				USES_XCTRUNNER = YES;
			};
			name = Debug;
		};
		B61F72D51B76BF8600A34736 /* Release */ = {
			isa = XCBuildConfiguration;
			buildSettings = {
				INFOPLIST_FILE = TriCoreUITests/Info.plist;
				LD_RUNPATH_SEARCH_PATHS = "$(inherited) @executable_path/Frameworks @loader_path/Frameworks";
				PRODUCT_BUNDLE_IDENTIFIER = edu.uwp.TriCoreUITests;
				PRODUCT_NAME = "$(TARGET_NAME)";
				TEST_TARGET_NAME = TriCore;
				USES_XCTRUNNER = YES;
			};
			name = Release;
		};
/* End XCBuildConfiguration section */

/* Begin XCConfigurationList section */
		B61F72A01B76BF8500A34736 /* Build configuration list for PBXProject "TriCore" */ = {
			isa = XCConfigurationList;
			buildConfigurations = (
				B61F72CB1B76BF8600A34736 /* Debug */,
				B61F72CC1B76BF8600A34736 /* Release */,
			);
			defaultConfigurationIsVisible = 0;
			defaultConfigurationName = Release;
		};
		B61F72CD1B76BF8600A34736 /* Build configuration list for PBXNativeTarget "TriCore" */ = {
			isa = XCConfigurationList;
			buildConfigurations = (
				B61F72CE1B76BF8600A34736 /* Debug */,
				B61F72CF1B76BF8600A34736 /* Release */,
			);
			defaultConfigurationIsVisible = 0;
			defaultConfigurationName = Release;
		};
		B61F72D01B76BF8600A34736 /* Build configuration list for PBXNativeTarget "TriCoreTests" */ = {
			isa = XCConfigurationList;
			buildConfigurations = (
				B61F72D11B76BF8600A34736 /* Debug */,
				B61F72D21B76BF8600A34736 /* Release */,
			);
			defaultConfigurationIsVisible = 0;
			defaultConfigurationName = Release;
		};
		B61F72D31B76BF8600A34736 /* Build configuration list for PBXNativeTarget "TriCoreUITests" */ = {
			isa = XCConfigurationList;
			buildConfigurations = (
				B61F72D41B76BF8600A34736 /* Debug */,
				B61F72D51B76BF8600A34736 /* Release */,
			);
			defaultConfigurationIsVisible = 0;
			defaultConfigurationName = Release;
		};
/* End XCConfigurationList section */
	};
	rootObject = B61F729D1B76BF8500A34736 /* Project object */;
}
